PODS:
  - FlatCreditCard (0.0.8)
  - FlatPaymentMethod (0.0.1):
    - FlatCreditCard (~> 0.0.8)
    - PaymentValidator (~> 0.0.8)
  - PaymentValidator (0.0.8)

DEPENDENCIES:
  - FlatCreditCard (~> 0.0.8)
  - FlatPaymentMethod (from `../`)
  - PaymentValidator (~> 0.0.8)

SPEC REPOS:
  https://github.com/CocoaPods/Specs.git:
    - FlatCreditCard
    - PaymentValidator

EXTERNAL SOURCES:
  FlatPaymentMethod:
    :path: "../"

SPEC CHECKSUMS:
  FlatCreditCard: 375bd23dc4ded71533405e7f7f402aa29d9a6f49
  FlatPaymentMethod: c831bfda777c12c0f19abd3fb33448936725cf35
  PaymentValidator: b84e6cb797bfbf25cda992ac2c042558a05070a7

PODFILE CHECKSUM: 501041f48669fca4fa189bda85eeba913bc9631f

COCOAPODS: 1.5.0
