PODS:
  - FlatCreditCard (0.0.6)
  - FlatPaymentMethod (0.0.1):
    - FlatCreditCard (~> 0.0.6)
    - PaymentValidator (~> 0.0.7)
  - PaymentValidator (0.0.7)

DEPENDENCIES:
  - FlatCreditCard (~> 0.0.6)
  - FlatPaymentMethod (from `../`)
  - PaymentValidator (~> 0.0.7)

SPEC REPOS:
  https://github.com/CocoaPods/Specs.git:
    - FlatCreditCard
    - PaymentValidator

EXTERNAL SOURCES:
  FlatPaymentMethod:
    :path: "../"

SPEC CHECKSUMS:
  FlatCreditCard: 97a0e19027f424a6365cb1409f9410688c7fc10c
  FlatPaymentMethod: 3ad376abe68500d4af7f49a2a823b18f3a49bff2
  PaymentValidator: e397d9ee716ebaf3b30563057396755dcdc6c9a0

PODFILE CHECKSUM: 32532da3b85545f8afcaf5e70ef74c00af1ab6b3

COCOAPODS: 1.5.0
